
Microsoft Visual Studio Solution File, Format Version 12.00
# Visual Studio Version 16
VisualStudioVersion = 16.0.30621.155
MinimumVisualStudioVersion = 10.0.40219.1
Project("{9A19103F-16F7-4668-BE54-9A1E7A4F7556}") = "EstateManager", "EstateManager.csproj", "{60B296B3-1D07-4C93-8DD8-5058AFE5B0FF}"
EndProject
Project("{FAE04EC0-301F-11D3-BF4B-00C04F79EFBC}") = "Testing", "..\Testing\Testing.csproj", "{DDF2D2C5-70C0-4C2B-8CBA-F027DE9F2CFE}"
EndProject
Global
	GlobalSection(SolutionConfigurationPlatforms) = preSolution
		Debug|Any CPU = Debug|Any CPU
		Release|Any CPU = Release|Any CPU
	EndGlobalSection
	GlobalSection(ProjectConfigurationPlatforms) = postSolution
		{60B296B3-1D07-4C93-8DD8-5058AFE5B0FF}.Debug|Any CPU.ActiveCfg = Debug|Any CPU
		{60B296B3-1D07-4C93-8DD8-5058AFE5B0FF}.Debug|Any CPU.Build.0 = Debug|Any CPU
		{60B296B3-1D07-4C93-8DD8-5058AFE5B0FF}.Release|Any CPU.ActiveCfg = Release|Any CPU
		{60B296B3-1D07-4C93-8DD8-5058AFE5B0FF}.Release|Any CPU.Build.0 = Release|Any CPU
		{DDF2D2C5-70C0-4C2B-8CBA-F027DE9F2CFE}.Debug|Any CPU.ActiveCfg = Debug|Any CPU
		{DDF2D2C5-70C0-4C2B-8CBA-F027DE9F2CFE}.Debug|Any CPU.Build.0 = Debug|Any CPU
		{DDF2D2C5-70C0-4C2B-8CBA-F027DE9F2CFE}.Release|Any CPU.ActiveCfg = Release|Any CPU
		{DDF2D2C5-70C0-4C2B-8CBA-F027DE9F2CFE}.Release|Any CPU.Build.0 = Release|Any CPU
	EndGlobalSection
	GlobalSection(SolutionProperties) = preSolution
		HideSolutionNode = FALSE
	EndGlobalSection
	GlobalSection(ExtensibilityGlobals) = postSolution
		SolutionGuid = {81FBBE7F-4E23-472A-A484-E426CE876F13}
	EndGlobalSection
EndGlobal
